Microsoft Visual Studio Solution File, Format Version 12.00
# Visual Studio Version 17
VisualStudioVersion = 17.5.2.0
MinimumVisualStudioVersion = 10.0.40219.1
Project("{FAE04EC0-301F-11D3-BF4B-00C04F79EFBC}") = "C sharpe Tutorial", "C sharpe Tutorial\C sharpe Tutorial.csproj", "{AD2D4711-FD52-752D-3C15-FBF7C43AD378}"
EndProject
Global
	GlobalSection(SolutionConfigurationPlatforms) = preSolution
		Debug|Any CPU = Debug|Any CPU
		Release|Any CPU = Release|Any CPU
	EndGlobalSection
	GlobalSection(ProjectConfigurationPlatforms) = postSolution
		{AD2D4711-FD52-752D-3C15-FBF7C43AD378}.Debug|Any CPU.ActiveCfg = Debug|Any CPU
		{AD2D4711-FD52-752D-3C15-FBF7C43AD378}.Debug|Any CPU.Build.0 = Debug|Any CPU
		{AD2D4711-FD52-752D-3C15-FBF7C43AD378}.Release|Any CPU.ActiveCfg = Release|Any CPU
		{AD2D4711-FD52-752D-3C15-FBF7C43AD378}.Release|Any CPU.Build.0 = Release|Any CPU
	EndGlobalSection
	GlobalSection(SolutionProperties) = preSolution
		HideSolutionNode = FALSE
	EndGlobalSection
	GlobalSection(ExtensibilityGlobals) = postSolution
		SolutionGuid = {33293648-5AE5-4FC8-9FE6-0AE52BE5EF4B}
	EndGlobalSection
EndGlobal
